
Microsoft Visual Studio Solution File, Format Version 12.00
# Visual Studio Version 17
VisualStudioVersion = 17.9.34622.214
MinimumVisualStudioVersion = 10.0.40219.1
Project("{FAE04EC0-301F-11D3-BF4B-00C04F79EFBC}") = "App.GRRInnovations.TodoManager", "App.GRRInnovations.TodoManager\App.GRRInnovations.TodoManager.csproj", "{AE013309-5707-432C-BCC6-ABE3C339F600}"
EndProject
Global
	GlobalSection(SolutionConfigurationPlatforms) = preSolution
		Debug|Any CPU = Debug|Any CPU
		Release|Any CPU = Release|Any CPU
	EndGlobalSection
	GlobalSection(ProjectConfigurationPlatforms) = postSolution
		{AE013309-5707-432C-BCC6-ABE3C339F600}.Debug|Any CPU.ActiveCfg = Debug|Any CPU
		{AE013309-5707-432C-BCC6-ABE3C339F600}.Debug|Any CPU.Build.0 = Debug|Any CPU
		{AE013309-5707-432C-BCC6-ABE3C339F600}.Debug|Any CPU.Deploy.0 = Debug|Any CPU
		{AE013309-5707-432C-BCC6-ABE3C339F600}.Release|Any CPU.ActiveCfg = Release|Any CPU
		{AE013309-5707-432C-BCC6-ABE3C339F600}.Release|Any CPU.Build.0 = Release|Any CPU
		{AE013309-5707-432C-BCC6-ABE3C339F600}.Release|Any CPU.Deploy.0 = Release|Any CPU
	EndGlobalSection
	GlobalSection(SolutionProperties) = preSolution
		HideSolutionNode = FALSE
	EndGlobalSection
	GlobalSection(ExtensibilityGlobals) = postSolution
		SolutionGuid = {2C4281D9-C918-4AA7-B216-9427587C046A}
	EndGlobalSection
EndGlobal
